
Microsoft Visual Studio Solution File, Format Version 12.00
# Visual Studio Version 17
VisualStudioVersion = 17.3.32929.385
MinimumVisualStudioVersion = 10.0.40219.1
Project("{FAE04EC0-301F-11D3-BF4B-00C04F79EFBC}") = "EXO1", "EXO1\EXO1.csproj", "{FC9555F3-E5AE-4B2C-B072-0E6A7BD9EF1D}"
EndProject
Global
	GlobalSection(SolutionConfigurationPlatforms) = preSolution
		Debug|Any CPU = Debug|Any CPU
		Release|Any CPU = Release|Any CPU
	EndGlobalSection
	GlobalSection(ProjectConfigurationPlatforms) = postSolution
		{FC9555F3-E5AE-4B2C-B072-0E6A7BD9EF1D}.Debug|Any CPU.ActiveCfg = Debug|Any CPU
		{FC9555F3-E5AE-4B2C-B072-0E6A7BD9EF1D}.Debug|Any CPU.Build.0 = Debug|Any CPU
		{FC9555F3-E5AE-4B2C-B072-0E6A7BD9EF1D}.Release|Any CPU.ActiveCfg = Release|Any CPU
		{FC9555F3-E5AE-4B2C-B072-0E6A7BD9EF1D}.Release|Any CPU.Build.0 = Release|Any CPU
	EndGlobalSection
	GlobalSection(SolutionProperties) = preSolution
		HideSolutionNode = FALSE
	EndGlobalSection
	GlobalSection(ExtensibilityGlobals) = postSolution
		SolutionGuid = {B62D2C00-7892-4C0D-8583-9B724ACCB26C}
	EndGlobalSection
EndGlobal
